{
  "name": "arelle-website",
  "lockfileVersion": 3,
  "requires": true,
  "packages": {
    "": {
      "name": "arelle-website",
      "devDependencies": {
        "@fontsource-variable/dm-sans": "^5.3.0",
        "@fontsource/dm-mono": "^5.3.0"
      },
      "engines": {
        "node": ">=26"
      }
    },
    "node_modules/@fontsource-variable/dm-sans": {
      "version": "5.3.0",
      "resolved": "https://registry.npmjs.org/@fontsource-variable/dm-sans/-/dm-sans-5.3.0.tgz",
      "integrity": "sha512-BpUG5bqePiDFMBM4ZtLSlPdAIOM990uB1dlXzIf4aw21yQR7BmykedLXXXMqGWsR18aMLOsbWccwJNh3ztTQaA==",
      "dev": true,
      "license": "OFL-1.1",
      "funding": {
        "url": "https://github.com/sponsors/ayuhito"
      }
    },
    "node_modules/@fontsource/dm-mono": {
      "version": "5.3.0",
      "resolved": "https://registry.npmjs.org/@fontsource/dm-mono/-/dm-mono-5.3.0.tgz",
      "integrity": "sha512-OINjI8C1S/wpchhQxl7njZdMn4+hnDCpQ4YtvvOpKNARo+0J8O1x1IcrChxNjHOhfVv1by8C/FQoy3hXK+C1Ug==",
      "dev": true,
      "license": "OFL-1.1",
      "funding": {
        "url": "https://github.com/sponsors/ayuhito"
      }
    }
  }
}
